
Microsoft Visual Studio Solution File, Format Version 12.00
# Visual Studio Version 16
VisualStudioVersion = 16.0.30804.86
MinimumVisualStudioVersion = 10.0.40219.1
Project("{FAE04EC0-301F-11D3-BF4B-00C04F79EFBC}") = "blazor-vue-demo", "blazor-vue-demo\blazor-vue-demo.csproj", "{AEC7CE7A-3F32-4727-9A83-B90C41D4B43D}"
EndProject
Global
	GlobalSection(SolutionConfigurationPlatforms) = preSolution
		Debug|Any CPU = Debug|Any CPU
		Release|Any CPU = Release|Any CPU
	EndGlobalSection
	GlobalSection(ProjectConfigurationPlatforms) = postSolution
		{AEC7CE7A-3F32-4727-9A83-B90C41D4B43D}.Debug|Any CPU.ActiveCfg = Debug|Any CPU
		{AEC7CE7A-3F32-4727-9A83-B90C41D4B43D}.Debug|Any CPU.Build.0 = Debug|Any CPU
		{AEC7CE7A-3F32-4727-9A83-B90C41D4B43D}.Release|Any CPU.ActiveCfg = Release|Any CPU
		{AEC7CE7A-3F32-4727-9A83-B90C41D4B43D}.Release|Any CPU.Build.0 = Release|Any CPU
	EndGlobalSection
	GlobalSection(SolutionProperties) = preSolution
		HideSolutionNode = FALSE
	EndGlobalSection
	GlobalSection(ExtensibilityGlobals) = postSolution
		SolutionGuid = {2F3D96E6-9F4A-4E11-ADEE-84385570AB3F}
	EndGlobalSection
EndGlobal
